
Microsoft Visual Studio Solution File, Format Version 12.00
# Visual Studio 15
VisualStudioVersion = 15.0.28307.572
MinimumVisualStudioVersion = 10.0.40219.1
Project("{8BC9CEB8-8B4A-11D0-8D11-00A0C91BC942}") = "Prob49_Prime_permutations", "Prob49_Prime_permutations\Prob49_Prime_permutations.vcxproj", "{66680801-4AF0-4321-85D1-C4BE21CEF37E}"
EndProject
Global
	GlobalSection(SolutionConfigurationPlatforms) = preSolution
		Debug|x64 = Debug|x64
		Debug|x86 = Debug|x86
		Release|x64 = Release|x64
		Release|x86 = Release|x86
	EndGlobalSection
	GlobalSection(ProjectConfigurationPlatforms) = postSolution
		{66680801-4AF0-4321-85D1-C4BE21CEF37E}.Debug|x64.ActiveCfg = Debug|x64
		{66680801-4AF0-4321-85D1-C4BE21CEF37E}.Debug|x64.Build.0 = Debug|x64
		{66680801-4AF0-4321-85D1-C4BE21CEF37E}.Debug|x86.ActiveCfg = Debug|Win32
		{66680801-4AF0-4321-85D1-C4BE21CEF37E}.Debug|x86.Build.0 = Debug|Win32
		{66680801-4AF0-4321-85D1-C4BE21CEF37E}.Release|x64.ActiveCfg = Release|x64
		{66680801-4AF0-4321-85D1-C4BE21CEF37E}.Release|x64.Build.0 = Release|x64
		{66680801-4AF0-4321-85D1-C4BE21CEF37E}.Release|x86.ActiveCfg = Release|Win32
		{66680801-4AF0-4321-85D1-C4BE21CEF37E}.Release|x86.Build.0 = Release|Win32
	EndGlobalSection
	GlobalSection(SolutionProperties) = preSolution
		HideSolutionNode = FALSE
	EndGlobalSection
	GlobalSection(ExtensibilityGlobals) = postSolution
		SolutionGuid = {7E171BC3-1768-4527-A9C2-600950A64C55}
	EndGlobalSection
EndGlobal
